{
  "- gem: yard-relative_markdown_links\ndirect: shields-badge.gemspec": [
    {
      "file": ".structuredmerge/kettle-jem.yml",
      "lines": [
        154,
        159
      ]
    }
  ],
  "// Use 'forwardPorts' to make a list of ports inside the container available locally.\n// \"forwardPorts\": [],": [
    {
      "file": ".devcontainer/devcontainer.json",
      "lines": [
        11,
        22
      ]
    }
  ],
  "bench_files = Dir[File.join(__dir__, \"benchmarks\", \"*.rb\")].sort\nif bench_files.empty?": [
    {
      "file": "Rakefile",
      "lines": [
        387,
        404
      ]
    }
  ],
  "direct: shields-badge.gemspec\nmodular: gemfiles/modular/documentation.gemfile": [
    {
      "file": ".structuredmerge/kettle-jem.yml",
      "lines": [
        110,
        115,
        120,
        150,
        155
      ]
    }
  ],
  "direct: shields-badge.gemspec\nmodular: gemfiles/modular/style.gemfile": [
    {
      "file": ".structuredmerge/kettle-jem.yml",
      "lines": [
        125,
        135,
        140,
        145
      ]
    }
  ],
  "eval_gemfile \"modular/runtime_heads.gemfile\"\nremove_gem \"appraisal\" # only present because it must be in the gemfile because we target a git branch": [
    {
      "file": "Appraisals",
      "lines": [
        57,
        64
      ]
    }
  ],
  "eval_gemfile \"modular/x_std_libs.gemfile\"\nremove_gem \"appraisal\" # only present because it must be in the gemfile because we target a git branch": [
    {
      "file": "Appraisals",
      "lines": [
        69,
        98,
        105,
        111
      ]
    }
  ],
  "eval_gemfile \"modular/x_std_libs/r3/libs.gemfile\"\nremove_gem \"appraisal\" # only present because it must be in the gemfile because we target a git branch": [
    {
      "file": "Appraisals",
      "lines": [
        84,
        89
      ]
    }
  ],
  "if bench_files.empty?\nputs \"No benchmark scripts found under benchmarks/.\"": [
    {
      "file": "Rakefile",
      "lines": [
        388,
        405
      ]
    }
  ],
  "modular: gemfiles/modular/documentation.gemfile\naction: keep_both": [
    {
      "file": ".structuredmerge/kettle-jem.yml",
      "lines": [
        111,
        116,
        121,
        151,
        156
      ]
    }
  ],
  "modular: gemfiles/modular/style.gemfile\naction: keep_both": [
    {
      "file": ".structuredmerge/kettle-jem.yml",
      "lines": [
        126,
        141,
        146
      ]
    }
  ]
}
