{
  "Rakefile:2807406506": [
    [166, 5, 15, "Rake/Desc: Describe the task with `desc` method.", 842824456]
  ],
  "lib/shields/badge/base.rb:2324042219": [
    [61, 17, 43, "Style/HashSlice: Use `slice(*args_for_dto)` instead.", 1681085889]
  ],
  "shields-badge.gemspec:1263272294": [
    [22, 32, 8, "Gemspec/RequiredRubyVersion: `required_ruby_version` and `TargetRubyVersion` (3.2, which may be specified in .rubocop.yml) should be equal.", 484902186]
  ],
  "spec/shields/badge/activity/github_commits_since_latest_release_spec.rb:1578763856": [
    [3, 1, 72, "RSpec/MultipleDescribes: Do not use multiple top-level example groups - try to nest them.", 2636382098]
  ],
  "spec/shields/badge/build/github_branch_check_runs_spec.rb:288404005": [
    [3, 1, 59, "RSpec/MultipleDescribes: Do not use multiple top-level example groups - try to nest them.", 2845648675]
  ],
  "spec/shields/badge/code_coverage/coveralls_spec.rb:996671534": [
    [3, 1, 54, "RSpec/MultipleDescribes: Do not use multiple top-level example groups - try to nest them.", 3781367172]
  ],
  "spec/shields/badge/downloads/gem_download_rank_spec.rb:3726784072": [
    [3, 1, 57, "RSpec/MultipleDescribes: Do not use multiple top-level example groups - try to nest them.", 2897063730]
  ],
  "spec/shields/badge/downloads/gem_total_downloads_spec.rb:841648734": [
    [3, 1, 59, "RSpec/MultipleDescribes: Do not use multiple top-level example groups - try to nest them.", 792672309]
  ],
  "spec/shields/badge/social/github_repo_stars_spec.rb:3642405844": [
    [3, 1, 54, "RSpec/MultipleDescribes: Do not use multiple top-level example groups - try to nest them.", 3080664873]
  ],
  "spec/shields/badge_spec.rb:4138058173": [
    [8, 47, 18, "Style/RedundantStructKeywordInit: Remove the redundant `keyword_init: true`.", 2300686389]
  ]
}
